{
  "nodes": {
    "dhall-to-nix": {
      "locked": {
        "lastModified": 1608695798,
        "narHash": "sha256-uUH61jsNUmttGo/So78O3qabaUoQWMDOsgs/7V/fEw0=",
        "owner": "ursi",
        "repo": "dhall-to-nix",
        "rev": "0e593bfae760fcef782c00f7e6beb6687d64ce26",
        "type": "github"
      },
      "original": {
        "owner": "ursi",
        "repo": "dhall-to-nix",
        "type": "github"
      }
    },
    "flake-utils": {
      "locked": {
        "lastModified": 1605370193,
        "narHash": "sha256-YyMTf3URDL/otKdKgtoMChu4vfVL3vCMkRqpGifhUn0=",
        "owner": "numtide",
        "repo": "flake-utils",
        "rev": "5021eac20303a61fafe17224c087f5519baed54d",
        "type": "github"
      },
      "original": {
        "owner": "numtide",
        "repo": "flake-utils",
        "type": "github"
      }
    },
    "nixpkgs": {
      "locked": {
        "lastModified": 1607660847,
        "narHash": "sha256-hTjqlKirCgD8mhJHj5btJlhRdL3WTt2zi6x6MllDzwM=",
        "owner": "NixOS",
        "repo": "nixpkgs",
        "rev": "2c0f6135aab77ff942b615228882c7dd996e0882",
        "type": "github"
      },
      "original": {
        "id": "nixpkgs",
        "type": "indirect"
      }
    },
    "nixpkgs_2": {
      "locked": {
        "lastModified": 1608723372,
        "narHash": "sha256-XoCD827n1+bBPVxjKFmAikh7KSIspj9BBj2vnWhtTC4=",
        "owner": "NixOS",
        "repo": "nixpkgs",
        "rev": "b67ba0bfcc714453cdeb8d713e35751eb8b4c8f4",
        "type": "github"
      },
      "original": {
        "id": "nixpkgs",
        "type": "indirect"
      }
    },
    "root": {
      "inputs": {
        "dhall-to-nix": "dhall-to-nix",
        "nixpkgs": "nixpkgs",
        "utils": "utils"
      }
    },
    "utils": {
      "inputs": {
        "flake-utils": "flake-utils",
        "nixpkgs": "nixpkgs_2"
      },
      "locked": {
        "lastModified": 1608846826,
        "narHash": "sha256-Er+wYQR5wNvz+KeC7ZhAiMEiBs2pxyWyLpauSSFSJVk=",
        "owner": "ursi",
        "repo": "flake-utils",
        "rev": "80e28ed52b349af275d1fc61a696476ed8e1f314",
        "type": "github"
      },
      "original": {
        "id": "utils",
        "type": "indirect"
      }
    }
  },
  "root": "root",
  "version": 7
}
